
Microsoft Visual Studio Solution File, Format Version 12.00
# Visual Studio Version 17
VisualStudioVersion = 17.4.33122.133
MinimumVisualStudioVersion = 10.0.40219.1
Project("{FAE04EC0-301F-11D3-BF4B-00C04F79EFBC}") = "PMMVC", "PMMVC\PMMVC.csproj", "{F710E70B-578C-4942-B515-E4D29A8DD754}"
EndProject
Project("{FAE04EC0-301F-11D3-BF4B-00C04F79EFBC}") = "PMMVC.Infrastructure", "PMMVC.Infrastructure\PMMVC.Infrastructure.csproj", "{EC25E56D-25D7-40D8-9E55-9BD7B7FD3052}"
EndProject
Global
	GlobalSection(SolutionConfigurationPlatforms) = preSolution
		Debug|Any CPU = Debug|Any CPU
		Release|Any CPU = Release|Any CPU
	EndGlobalSection
	GlobalSection(ProjectConfigurationPlatforms) = postSolution
		{F710E70B-578C-4942-B515-E4D29A8DD754}.Debug|Any CPU.ActiveCfg = Debug|Any CPU
		{F710E70B-578C-4942-B515-E4D29A8DD754}.Debug|Any CPU.Build.0 = Debug|Any CPU
		{F710E70B-578C-4942-B515-E4D29A8DD754}.Release|Any CPU.ActiveCfg = Release|Any CPU
		{F710E70B-578C-4942-B515-E4D29A8DD754}.Release|Any CPU.Build.0 = Release|Any CPU
		{EC25E56D-25D7-40D8-9E55-9BD7B7FD3052}.Debug|Any CPU.ActiveCfg = Debug|Any CPU
		{EC25E56D-25D7-40D8-9E55-9BD7B7FD3052}.Debug|Any CPU.Build.0 = Debug|Any CPU
		{EC25E56D-25D7-40D8-9E55-9BD7B7FD3052}.Release|Any CPU.ActiveCfg = Release|Any CPU
		{EC25E56D-25D7-40D8-9E55-9BD7B7FD3052}.Release|Any CPU.Build.0 = Release|Any CPU
	EndGlobalSection
	GlobalSection(SolutionProperties) = preSolution
		HideSolutionNode = FALSE
	EndGlobalSection
	GlobalSection(ExtensibilityGlobals) = postSolution
		SolutionGuid = {31F66AAA-1781-4EFE-927D-BE89836D6C83}
	EndGlobalSection
EndGlobal
